<?xml version="1.0" encoding="utf-8"?>
<Project ToolsVersion="4.0" xmlns="http://schemas.microsoft.com/developer/msbuild/2003">
  <ItemGroup>
    <ClCompile Include="BiDirectionalPriorityQueue.cpp" />
    <ClCompile Include="pch.cpp" />
    <ClCompile Include="RandomFibonacciNumbersGenerator.cpp" />
    <ClCompile Include="Stack.cpp" />
  </ItemGroup>
  <ItemGroup>
    <ClInclude Include="pch.h" />
    <ClInclude Include="BiDirectionalPriorityQueue.h" />
    <ClInclude Include="RandomFibonacciNumbersGenerator.h" />
    <ClInclude Include="FibonacciNumber.h" />
    <ClInclude Include="RandomNumbersGenerator.h" />
    <ClInclude Include="Stack.h" />
  </ItemGroup>
</Project>